# This file is automatically @generated by Poetry 2.3.2 and should not be changed by hand.

[[package]]
name = "zhconv"
version = "1.4.3"
description = "A simple implementation of Simplified-Traditional Chinese conversion."
optional = true
python-versions = "*"
groups = ["main"]
markers = "extra == \"zhconv\""
files = [
    {file = "zhconv-1.4.3.tar.gz", hash = "sha256:ad42d9057ca0605f8e41d62b67ca797f879f58193ee6840562c51459b2698c45"},
]

[extras]
zhconv = ["zhconv"]

[metadata]
lock-version = "2.1"
python-versions = "^3.11"
content-hash = "4dc1748ebbccca9760adf04e005d4740330d7ef443b00d5255d78ba26ad11035"
